
Microsoft Visual Studio Solution File, Format Version 12.00
# Visual Studio Version 16
VisualStudioVersion = 16.0.30621.155
MinimumVisualStudioVersion = 10.0.40219.1
Project("{FAE04EC0-301F-11D3-BF4B-00C04F79EFBC}") = "Atif-Test", "Atif-Test\Atif-Test.csproj", "{22D5C1D2-5B46-40E6-9EA6-398459A9E2B8}"
EndProject
Project("{FAE04EC0-301F-11D3-BF4B-00C04F79EFBC}") = "Week1Challange", "Week1Challange\Week1Challange.csproj", "{9C78FE25-DCE4-4135-A2CA-70B00FB44703}"
EndProject
Global
	GlobalSection(SolutionConfigurationPlatforms) = preSolution
		Debug|Any CPU = Debug|Any CPU
		Release|Any CPU = Release|Any CPU
	EndGlobalSection
	GlobalSection(ProjectConfigurationPlatforms) = postSolution
		{22D5C1D2-5B46-40E6-9EA6-398459A9E2B8}.Debug|Any CPU.ActiveCfg = Debug|Any CPU
		{22D5C1D2-5B46-40E6-9EA6-398459A9E2B8}.Debug|Any CPU.Build.0 = Debug|Any CPU
		{22D5C1D2-5B46-40E6-9EA6-398459A9E2B8}.Release|Any CPU.ActiveCfg = Release|Any CPU
		{22D5C1D2-5B46-40E6-9EA6-398459A9E2B8}.Release|Any CPU.Build.0 = Release|Any CPU
		{9C78FE25-DCE4-4135-A2CA-70B00FB44703}.Debug|Any CPU.ActiveCfg = Debug|Any CPU
		{9C78FE25-DCE4-4135-A2CA-70B00FB44703}.Debug|Any CPU.Build.0 = Debug|Any CPU
		{9C78FE25-DCE4-4135-A2CA-70B00FB44703}.Release|Any CPU.ActiveCfg = Release|Any CPU
		{9C78FE25-DCE4-4135-A2CA-70B00FB44703}.Release|Any CPU.Build.0 = Release|Any CPU
	EndGlobalSection
	GlobalSection(SolutionProperties) = preSolution
		HideSolutionNode = FALSE
	EndGlobalSection
	GlobalSection(ExtensibilityGlobals) = postSolution
		SolutionGuid = {6440DFF7-862F-4641-B0B8-48D13676C721}
	EndGlobalSection
EndGlobal
